[[dependencies]]
name = "@openzeppelin-contracts"
version = "5.6.1"
url = "https://soldeer-revisions.s3.amazonaws.com/@openzeppelin-contracts/5_6_1_15-03-2026_09:19:50_contracts.zip"
checksum = "a3b6bc661be858c7c27f60a1708cbebe8c71034b4cc1e9fe270d0a05b069352f"
integrity = "bce03af7ada1eee21a7fff393f238bcd7cd75a022a4db55ffb6b0dbb32433d35"

[[dependencies]]
name = "anoma-forwarder-bases"
version = "1.0.0-rc.3"
url = "https://soldeer-revisions.s3.amazonaws.com/anoma-forwarder-bases/1_0_0-rc_3_11-06-2026_11:53:46_contracts.zip"
checksum = "ef9802c435049e9139020f1a2ddc6decece9afcd689275e9bb0ff566a36ec1fd"
integrity = "2a27fa3b3a490ed45d75191fc561dff9d4eab202201d8e71dd3d76b5051b9f06"

[[dependencies]]
name = "anoma-pa-evm"
version = "1.2.0-rc.1"
url = "https://soldeer-revisions.s3.amazonaws.com/anoma-pa-evm/1_2_0-rc_1_22-05-2026_10:05:03_contracts.zip"
checksum = "c68d08430c58681669d9442b314afe130425008f06e888d9fa0dc2f948f70e12"
integrity = "f902c3f0e9ac88f0ce99b3de94b8b7e42315a95cbb6deee045f3ede7b5bc542f"

[[dependencies]]
name = "forge-std"
version = "1.16.1"
url = "https://soldeer-revisions.s3.amazonaws.com/forge-std/1_16_1_08-05-2026_08:51:16_forge-std-1.16.zip"
checksum = "839b61832925c7152c7b6dffbfa4998d9e606211179bd8f604733124e8a7cb57"
integrity = "60e55d10150354ca4a1e2985c5456c834b92b82ef85ab0e1d92a7786cddbd219"

[[dependencies]]
name = "solady"
version = "0.1.26"
url = "https://soldeer-revisions.s3.amazonaws.com/solady/0_1_26_25-08-2025_15:30:06_solady.zip"
checksum = "9872ac7cfd32c1eba32800508a1325c49f4a4aa8c6f670454db91971a583e26b"
integrity = "5da4b5ca9cbad98812a4b75ad528ff34c72a0b84433204be6d1420c81de1d6ff"

[[dependencies]]
name = "uniswap-permit2"
version = "0x000000000022D473030F116dDEE9F6B43aC78BA3"
url = "https://soldeer-revisions.s3.amazonaws.com/uniswap-permit2/0x000000000022D473030F116dDEE9F6B43aC78BA3_11-11-2024_08:00:23_permit2.zip"
checksum = "d4fb59a5d0b9bb91c6800b55a0fa4037dcf4d2a17e55750ffb369572a4dd5906"
integrity = "d27a9b2a135f1a5e049607461d15fa24b55c21d584f84a6752a975789772a5de"
